
Microsoft Visual Studio Solution File, Format Version 12.00
# Visual Studio Version 17
VisualStudioVersion = 17.0.31919.166
MinimumVisualStudioVersion = 15.0.26124.0
Project("{2150E333-8FDC-42A3-9474-1A3956D46DE8}") = "src", "src", "{6719F1A5-0108-4DDE-BE5B-50D75DF7DC3A}"
EndProject
Project("{9A19103F-16F7-4668-BE54-9A1E7A4F7556}") = "Corsinvest.ProxmoxVE.Api", "src\Corsinvest.ProxmoxVE.Api\Corsinvest.ProxmoxVE.Api.csproj", "{2FB0E7F6-927E-47B2-BF73-3DD29EC7A0F6}"
EndProject
Project("{9A19103F-16F7-4668-BE54-9A1E7A4F7556}") = "Corsinvest.ProxmoxVE.Api.Extension", "src\Corsinvest.ProxmoxVE.Api.Extension\Corsinvest.ProxmoxVE.Api.Extension.csproj", "{0E746DA1-8683-486A-B520-85A2E46E3DD9}"
EndProject
Project("{9A19103F-16F7-4668-BE54-9A1E7A4F7556}") = "Corsinvest.ProxmoxVE.Api.Metadata", "src\Corsinvest.ProxmoxVE.Api.Metadata\Corsinvest.ProxmoxVE.Api.Metadata.csproj", "{692CCB0F-FC3F-47A6-858A-D08C9191CB38}"
EndProject
Project("{9A19103F-16F7-4668-BE54-9A1E7A4F7556}") = "Corsinvest.ProxmoxVE.Api.Shell", "src\Corsinvest.ProxmoxVE.Api.Shell\Corsinvest.ProxmoxVE.Api.Shell.csproj", "{CAFEC2C7-A2F5-4923-B1B7-003633324105}"
EndProject
Project("{9A19103F-16F7-4668-BE54-9A1E7A4F7556}") = "Corsinvest.ProxmoxVE.Api.Shared", "src\Corsinvest.ProxmoxVE.Api.Shared\Corsinvest.ProxmoxVE.Api.Shared.csproj", "{3DD1BFAA-31B2-45EA-8C26-9C6BA32AC16D}"
EndProject
Project("{2150E333-8FDC-42A3-9474-1A3956D46DE8}") = "Elementi di soluzione", "Elementi di soluzione", "{5CFC84CF-5201-4775-9E77-708A9561EA93}"
	ProjectSection(SolutionItems) = preProject
		.gitignore = .gitignore
		3rd-party-licenses.md = 3rd-party-licenses.md
		common.props = common.props
		Corsinvest.ProxmoxVE.Api.sln.licenseheader = Corsinvest.ProxmoxVE.Api.sln.licenseheader
		icon.png = icon.png
		LICENSE.md = LICENSE.md
		publish-nuget.ps1 = publish-nuget.ps1
		README.md = README.md
		setKey.ps1 = setKey.ps1
	EndProjectSection
EndProject
Global
	GlobalSection(SolutionConfigurationPlatforms) = preSolution
		Debug|Any CPU = Debug|Any CPU
		Debug|x64 = Debug|x64
		Debug|x86 = Debug|x86
		Release|Any CPU = Release|Any CPU
		Release|x64 = Release|x64
		Release|x86 = Release|x86
	EndGlobalSection
	GlobalSection(ProjectConfigurationPlatforms) = postSolution
		{2FB0E7F6-927E-47B2-BF73-3DD29EC7A0F6}.Debug|Any CPU.ActiveCfg = Debug|Any CPU
		{2FB0E7F6-927E-47B2-BF73-3DD29EC7A0F6}.Debug|Any CPU.Build.0 = Debug|Any CPU
		{2FB0E7F6-927E-47B2-BF73-3DD29EC7A0F6}.Debug|x64.ActiveCfg = Debug|Any CPU
		{2FB0E7F6-927E-47B2-BF73-3DD29EC7A0F6}.Debug|x64.Build.0 = Debug|Any CPU
		{2FB0E7F6-927E-47B2-BF73-3DD29EC7A0F6}.Debug|x86.ActiveCfg = Debug|Any CPU
		{2FB0E7F6-927E-47B2-BF73-3DD29EC7A0F6}.Debug|x86.Build.0 = Debug|Any CPU
		{2FB0E7F6-927E-47B2-BF73-3DD29EC7A0F6}.Release|Any CPU.ActiveCfg = Release|Any CPU
		{2FB0E7F6-927E-47B2-BF73-3DD29EC7A0F6}.Release|Any CPU.Build.0 = Release|Any CPU
		{2FB0E7F6-927E-47B2-BF73-3DD29EC7A0F6}.Release|x64.ActiveCfg = Release|Any CPU
		{2FB0E7F6-927E-47B2-BF73-3DD29EC7A0F6}.Release|x64.Build.0 = Release|Any CPU
		{2FB0E7F6-927E-47B2-BF73-3DD29EC7A0F6}.Release|x86.ActiveCfg = Release|Any CPU
		{2FB0E7F6-927E-47B2-BF73-3DD29EC7A0F6}.Release|x86.Build.0 = Release|Any CPU
		{0E746DA1-8683-486A-B520-85A2E46E3DD9}.Debug|Any CPU.ActiveCfg = Debug|Any CPU
		{0E746DA1-8683-486A-B520-85A2E46E3DD9}.Debug|Any CPU.Build.0 = Debug|Any CPU
		{0E746DA1-8683-486A-B520-85A2E46E3DD9}.Debug|x64.ActiveCfg = Debug|Any CPU
		{0E746DA1-8683-486A-B520-85A2E46E3DD9}.Debug|x64.Build.0 = Debug|Any CPU
		{0E746DA1-8683-486A-B520-85A2E46E3DD9}.Debug|x86.ActiveCfg = Debug|Any CPU
		{0E746DA1-8683-486A-B520-85A2E46E3DD9}.Debug|x86.Build.0 = Debug|Any CPU
		{0E746DA1-8683-486A-B520-85A2E46E3DD9}.Release|Any CPU.ActiveCfg = Release|Any CPU
		{0E746DA1-8683-486A-B520-85A2E46E3DD9}.Release|Any CPU.Build.0 = Release|Any CPU
		{0E746DA1-8683-486A-B520-85A2E46E3DD9}.Release|x64.ActiveCfg = Release|Any CPU
		{0E746DA1-8683-486A-B520-85A2E46E3DD9}.Release|x64.Build.0 = Release|Any CPU
		{0E746DA1-8683-486A-B520-85A2E46E3DD9}.Release|x86.ActiveCfg = Release|Any CPU
		{0E746DA1-8683-486A-B520-85A2E46E3DD9}.Release|x86.Build.0 = Release|Any CPU
		{692CCB0F-FC3F-47A6-858A-D08C9191CB38}.Debug|Any CPU.ActiveCfg = Debug|Any CPU
		{692CCB0F-FC3F-47A6-858A-D08C9191CB38}.Debug|Any CPU.Build.0 = Debug|Any CPU
		{692CCB0F-FC3F-47A6-858A-D08C9191CB38}.Debug|x64.ActiveCfg = Debug|Any CPU
		{692CCB0F-FC3F-47A6-858A-D08C9191CB38}.Debug|x64.Build.0 = Debug|Any CPU
		{692CCB0F-FC3F-47A6-858A-D08C9191CB38}.Debug|x86.ActiveCfg = Debug|Any CPU
		{692CCB0F-FC3F-47A6-858A-D08C9191CB38}.Debug|x86.Build.0 = Debug|Any CPU
		{692CCB0F-FC3F-47A6-858A-D08C9191CB38}.Release|Any CPU.ActiveCfg = Release|Any CPU
		{692CCB0F-FC3F-47A6-858A-D08C9191CB38}.Release|Any CPU.Build.0 = Release|Any CPU
		{692CCB0F-FC3F-47A6-858A-D08C9191CB38}.Release|x64.ActiveCfg = Release|Any CPU
		{692CCB0F-FC3F-47A6-858A-D08C9191CB38}.Release|x64.Build.0 = Release|Any CPU
		{692CCB0F-FC3F-47A6-858A-D08C9191CB38}.Release|x86.ActiveCfg = Release|Any CPU
		{692CCB0F-FC3F-47A6-858A-D08C9191CB38}.Release|x86.Build.0 = Release|Any CPU
		{CAFEC2C7-A2F5-4923-B1B7-003633324105}.Debug|Any CPU.ActiveCfg = Debug|Any CPU
		{CAFEC2C7-A2F5-4923-B1B7-003633324105}.Debug|Any CPU.Build.0 = Debug|Any CPU
		{CAFEC2C7-A2F5-4923-B1B7-003633324105}.Debug|x64.ActiveCfg = Debug|Any CPU
		{CAFEC2C7-A2F5-4923-B1B7-003633324105}.Debug|x64.Build.0 = Debug|Any CPU
		{CAFEC2C7-A2F5-4923-B1B7-003633324105}.Debug|x86.ActiveCfg = Debug|Any CPU
		{CAFEC2C7-A2F5-4923-B1B7-003633324105}.Debug|x86.Build.0 = Debug|Any CPU
		{CAFEC2C7-A2F5-4923-B1B7-003633324105}.Release|Any CPU.ActiveCfg = Release|Any CPU
		{CAFEC2C7-A2F5-4923-B1B7-003633324105}.Release|Any CPU.Build.0 = Release|Any CPU
		{CAFEC2C7-A2F5-4923-B1B7-003633324105}.Release|x64.ActiveCfg = Release|Any CPU
		{CAFEC2C7-A2F5-4923-B1B7-003633324105}.Release|x64.Build.0 = Release|Any CPU
		{CAFEC2C7-A2F5-4923-B1B7-003633324105}.Release|x86.ActiveCfg = Release|Any CPU
		{CAFEC2C7-A2F5-4923-B1B7-003633324105}.Release|x86.Build.0 = Release|Any CPU
		{3DD1BFAA-31B2-45EA-8C26-9C6BA32AC16D}.Debug|Any CPU.ActiveCfg = Debug|Any CPU
		{3DD1BFAA-31B2-45EA-8C26-9C6BA32AC16D}.Debug|Any CPU.Build.0 = Debug|Any CPU
		{3DD1BFAA-31B2-45EA-8C26-9C6BA32AC16D}.Debug|x64.ActiveCfg = Debug|Any CPU
		{3DD1BFAA-31B2-45EA-8C26-9C6BA32AC16D}.Debug|x64.Build.0 = Debug|Any CPU
		{3DD1BFAA-31B2-45EA-8C26-9C6BA32AC16D}.Debug|x86.ActiveCfg = Debug|Any CPU
		{3DD1BFAA-31B2-45EA-8C26-9C6BA32AC16D}.Debug|x86.Build.0 = Debug|Any CPU
		{3DD1BFAA-31B2-45EA-8C26-9C6BA32AC16D}.Release|Any CPU.ActiveCfg = Release|Any CPU
		{3DD1BFAA-31B2-45EA-8C26-9C6BA32AC16D}.Release|Any CPU.Build.0 = Release|Any CPU
		{3DD1BFAA-31B2-45EA-8C26-9C6BA32AC16D}.Release|x64.ActiveCfg = Release|Any CPU
		{3DD1BFAA-31B2-45EA-8C26-9C6BA32AC16D}.Release|x64.Build.0 = Release|Any CPU
		{3DD1BFAA-31B2-45EA-8C26-9C6BA32AC16D}.Release|x86.ActiveCfg = Release|Any CPU
		{3DD1BFAA-31B2-45EA-8C26-9C6BA32AC16D}.Release|x86.Build.0 = Release|Any CPU
	EndGlobalSection
	GlobalSection(SolutionProperties) = preSolution
		HideSolutionNode = FALSE
	EndGlobalSection
	GlobalSection(NestedProjects) = preSolution
		{2FB0E7F6-927E-47B2-BF73-3DD29EC7A0F6} = {6719F1A5-0108-4DDE-BE5B-50D75DF7DC3A}
		{0E746DA1-8683-486A-B520-85A2E46E3DD9} = {6719F1A5-0108-4DDE-BE5B-50D75DF7DC3A}
		{692CCB0F-FC3F-47A6-858A-D08C9191CB38} = {6719F1A5-0108-4DDE-BE5B-50D75DF7DC3A}
		{CAFEC2C7-A2F5-4923-B1B7-003633324105} = {6719F1A5-0108-4DDE-BE5B-50D75DF7DC3A}
		{3DD1BFAA-31B2-45EA-8C26-9C6BA32AC16D} = {6719F1A5-0108-4DDE-BE5B-50D75DF7DC3A}
	EndGlobalSection
	GlobalSection(ExtensibilityGlobals) = postSolution
		SolutionGuid = {43B65FF1-2FD4-4A68-B5D5-2980AB851E57}
	EndGlobalSection
EndGlobal
